
Microsoft Visual Studio Solution File, Format Version 12.00
# Visual Studio Version 17
VisualStudioVersion = 17.9.34616.47
MinimumVisualStudioVersion = 10.0.40219.1
Project("{FAE04EC0-301F-11D3-BF4B-00C04F79EFBC}") = "Web Scraper", "Web Scraper\Web Scraper.csproj", "{D2A3ABB5-CD89-4A27-8C67-8A4DF65F0AD9}"
EndProject
Global
	GlobalSection(SolutionConfigurationPlatforms) = preSolution
		Debug|Any CPU = Debug|Any CPU
		Release|Any CPU = Release|Any CPU
	EndGlobalSection
	GlobalSection(ProjectConfigurationPlatforms) = postSolution
		{D2A3ABB5-CD89-4A27-8C67-8A4DF65F0AD9}.Debug|Any CPU.ActiveCfg = Debug|Any CPU
		{D2A3ABB5-CD89-4A27-8C67-8A4DF65F0AD9}.Debug|Any CPU.Build.0 = Debug|Any CPU
		{D2A3ABB5-CD89-4A27-8C67-8A4DF65F0AD9}.Release|Any CPU.ActiveCfg = Release|Any CPU
		{D2A3ABB5-CD89-4A27-8C67-8A4DF65F0AD9}.Release|Any CPU.Build.0 = Release|Any CPU
	EndGlobalSection
	GlobalSection(SolutionProperties) = preSolution
		HideSolutionNode = FALSE
	EndGlobalSection
	GlobalSection(ExtensibilityGlobals) = postSolution
		SolutionGuid = {CF3AE7A6-9446-49DA-8F3E-837D5ACA3F40}
	EndGlobalSection
EndGlobal
